// !$*UTF8*$!
{
	archiveVersion = 1;
	classes = {
	};
	objectVersion = 56;
	objects = {

/* Begin PBXBuildFile section */
		3B4379492C80AF7A00495EF1 /* TextFieldComponentApp.swift in Sources */ = {isa = PBXBuildFile; fileRef = 3B4379482C80AF7A00495EF1 /* TextFieldComponentApp.swift */; };
		3B43794B2C80AF7A00495EF1 /* ContentView.swift in Sources */ = {isa = PBXBuildFile; fileRef = 3B43794A2C80AF7A00495EF1 /* ContentView.swift */; };
		3B43794D2C80AF7C00495EF1 /* Assets.xcassets in Resources */ = {isa = PBXBuildFile; fileRef = 3B43794C2C80AF7C00495EF1 /* Assets.xcassets */; };
		3B4379502C80AF7C00495EF1 /* Preview Assets.xcassets in Resources */ = {isa = PBXBuildFile; fileRef = 3B43794F2C80AF7C00495EF1 /* Preview Assets.xcassets */; };
		3B43795A2C80AF7C00495EF1 /* TextFieldComponentTests.swift in Sources */ = {isa = PBXBuildFile; fileRef = 3B4379592C80AF7C00495EF1 /* TextFieldComponentTests.swift */; };
		3B4379642C80AF7C00495EF1 /* TextFieldComponentUITests.swift in Sources */ = {isa = PBXBuildFile; fileRef = 3B4379632C80AF7C00495EF1 /* TextFieldComponentUITests.swift */; };
		3B4379662C80AF7C00495EF1 /* TextFieldComponentUITestsLaunchTests.swift in Sources */ = {isa = PBXBuildFile; fileRef = 3B4379652C80AF7C00495EF1 /* TextFieldComponentUITestsLaunchTests.swift */; };
		3B4379752C80BCDD00495EF1 /* TextFieldGeneral.swift in Sources */ = {isa = PBXBuildFile; fileRef = 3B4379732C80BCDD00495EF1 /* TextFieldGeneral.swift */; };
		3B43797A2C8172F300495EF1 /* FigmaCode.swift in Sources */ = {isa = PBXBuildFile; fileRef = 3B4379792C8172F300495EF1 /* FigmaCode.swift */; };
		3B4379832C82286F00495EF1 /* TextFieldGeneralTheme.swift in Sources */ = {isa = PBXBuildFile; fileRef = 3B4379822C82286F00495EF1 /* TextFieldGeneralTheme.swift */; };
		3B4379852C877BA000495EF1 /* TextInputPassword.swift in Sources */ = {isa = PBXBuildFile; fileRef = 3B4379842C877BA000495EF1 /* TextInputPassword.swift */; };
		3B4379882C8783DC00495EF1 /* USBankingColors.swift in Sources */ = {isa = PBXBuildFile; fileRef = 3B4379872C8783DC00495EF1 /* USBankingColors.swift */; };
		3B43798A2C8784B400495EF1 /* Colours.swift in Sources */ = {isa = PBXBuildFile; fileRef = 3B4379892C8784B400495EF1 /* Colours.swift */; };
		3B43798C2C8784EB00495EF1 /* Dimens.swift in Sources */ = {isa = PBXBuildFile; fileRef = 3B43798B2C8784EB00495EF1 /* Dimens.swift */; };
		3B43798E2C87858100495EF1 /* Shapes.swift in Sources */ = {isa = PBXBuildFile; fileRef = 3B43798D2C87858000495EF1 /* Shapes.swift */; };
		3B4379902C8785BC00495EF1 /* Spacing.swift in Sources */ = {isa = PBXBuildFile; fileRef = 3B43798F2C8785BC00495EF1 /* Spacing.swift */; };
		3B4379922C8785FA00495EF1 /* Typography.swift in Sources */ = {isa = PBXBuildFile; fileRef = 3B4379912C8785FA00495EF1 /* Typography.swift */; };
		3B4379942C87863400495EF1 /* WhitneyFont.swift in Sources */ = {isa = PBXBuildFile; fileRef = 3B4379932C87863400495EF1 /* WhitneyFont.swift */; };
		3B4379962C87886700495EF1 /* Theme.swift in Sources */ = {isa = PBXBuildFile; fileRef = 3B4379952C87886700495EF1 /* Theme.swift */; };
		3B4379982C87950D00495EF1 /* ComponentImage.swift in Sources */ = {isa = PBXBuildFile; fileRef = 3B4379972C87950D00495EF1 /* ComponentImage.swift */; };
		3B71B9612C89F7C30058896A /* PlaceholderView.swift in Sources */ = {isa = PBXBuildFile; fileRef = 3B71B9602C89F7C30058896A /* PlaceholderView.swift */; };
		3B71B9632C8A1CC00058896A /* ModifiedPasswordField.swift in Sources */ = {isa = PBXBuildFile; fileRef = 3B71B9622C8A1CBF0058896A /* ModifiedPasswordField.swift */; };
		3B71B99D2C8F8BC20058896A /* File.swift in Sources */ = {isa = PBXBuildFile; fileRef = 3B71B99C2C8F8BC20058896A /* File.swift */; };
		3B71B9A42C9349F50058896A /* CopyContyent.swift in Sources */ = {isa = PBXBuildFile; fileRef = 3B71B9A32C9349F50058896A /* CopyContyent.swift */; };
		3B71B9A62C9357B80058896A /* CustomSheet.swift in Sources */ = {isa = PBXBuildFile; fileRef = 3B71B9A52C9357B80058896A /* CustomSheet.swift */; };
		3B71B9A92C937D7A0058896A /* ListCellBottomSheet.swift in Sources */ = {isa = PBXBuildFile; fileRef = 3B71B9A82C937D7A0058896A /* ListCellBottomSheet.swift */; };
		3B71B9AB2C937D8C0058896A /* ListCellBottomSheetManager.swift in Sources */ = {isa = PBXBuildFile; fileRef = 3B71B9AA2C937D8C0058896A /* ListCellBottomSheetManager.swift */; };
		3B71B9AD2C9897B60058896A /* SafeSpaceTile.swift in Sources */ = {isa = PBXBuildFile; fileRef = 3B71B9AC2C9897B50058896A /* SafeSpaceTile.swift */; };
		3BDE7B122C9AE3F9008208AC /* Mapper.swift in Sources */ = {isa = PBXBuildFile; fileRef = 3BDE7B112C9AE3F9008208AC /* Mapper.swift */; };
/* End PBXBuildFile section */

/* Begin PBXContainerItemProxy section */
		3B4379562C80AF7C00495EF1 /* PBXContainerItemProxy */ = {
			isa = PBXContainerItemProxy;
			containerPortal = 3B43793D2C80AF7A00495EF1 /* Project object */;
			proxyType = 1;
			remoteGlobalIDString = 3B4379442C80AF7A00495EF1;
			remoteInfo = TextFieldComponent;
		};
		3B4379602C80AF7C00495EF1 /* PBXContainerItemProxy */ = {
			isa = PBXContainerItemProxy;
			containerPortal = 3B43793D2C80AF7A00495EF1 /* Project object */;
			proxyType = 1;
			remoteGlobalIDString = 3B4379442C80AF7A00495EF1;
			remoteInfo = TextFieldComponent;
		};
/* End PBXContainerItemProxy section */

/* Begin PBXFileReference section */
		3B4379452C80AF7A00495EF1 /* TextFieldComponent.app */ = {isa = PBXFileReference; explicitFileType = wrapper.application; includeInIndex = 0; path = TextFieldComponent.app; sourceTree = BUILT_PRODUCTS_DIR; };
		3B4379482C80AF7A00495EF1 /* TextFieldComponentApp.swift */ = {isa = PBXFileReference; lastKnownFileType = sourcecode.swift; path = TextFieldComponentApp.swift; sourceTree = "<group>"; };
		3B43794A2C80AF7A00495EF1 /* ContentView.swift */ = {isa = PBXFileReference; lastKnownFileType = sourcecode.swift; path = ContentView.swift; sourceTree = "<group>"; };
		3B43794C2C80AF7C00495EF1 /* Assets.xcassets */ = {isa = PBXFileReference; lastKnownFileType = folder.assetcatalog; path = Assets.xcassets; sourceTree = "<group>"; };
		3B43794F2C80AF7C00495EF1 /* Preview Assets.xcassets */ = {isa = PBXFileReference; lastKnownFileType = folder.assetcatalog; path = "Preview Assets.xcassets"; sourceTree = "<group>"; };
		3B4379552C80AF7C00495EF1 /* TextFieldComponentTests.xctest */ = {isa = PBXFileReference; explicitFileType = wrapper.cfbundle; includeInIndex = 0; path = TextFieldComponentTests.xctest; sourceTree = BUILT_PRODUCTS_DIR; };
		3B4379592C80AF7C00495EF1 /* TextFieldComponentTests.swift */ = {isa = PBXFileReference; lastKnownFileType = sourcecode.swift; path = TextFieldComponentTests.swift; sourceTree = "<group>"; };
		3B43795F2C80AF7C00495EF1 /* TextFieldComponentUITests.xctest */ = {isa = PBXFileReference; explicitFileType = wrapper.cfbundle; includeInIndex = 0; path = TextFieldComponentUITests.xctest; sourceTree = BUILT_PRODUCTS_DIR; };
		3B4379632C80AF7C00495EF1 /* TextFieldComponentUITests.swift */ = {isa = PBXFileReference; lastKnownFileType = sourcecode.swift; path = TextFieldComponentUITests.swift; sourceTree = "<group>"; };
		3B4379652C80AF7C00495EF1 /* TextFieldComponentUITestsLaunchTests.swift */ = {isa = PBXFileReference; lastKnownFileType = sourcecode.swift; path = TextFieldComponentUITestsLaunchTests.swift; sourceTree = "<group>"; };
		3B4379732C80BCDD00495EF1 /* TextFieldGeneral.swift */ = {isa = PBXFileReference; fileEncoding = 4; lastKnownFileType = sourcecode.swift; path = TextFieldGeneral.swift; sourceTree = "<group>"; };
		3B4379792C8172F300495EF1 /* FigmaCode.swift */ = {isa = PBXFileReference; lastKnownFileType = sourcecode.swift; path = FigmaCode.swift; sourceTree = "<group>"; };
		3B4379822C82286F00495EF1 /* TextFieldGeneralTheme.swift */ = {isa = PBXFileReference; lastKnownFileType = sourcecode.swift; path = TextFieldGeneralTheme.swift; sourceTree = "<group>"; };
		3B4379842C877BA000495EF1 /* TextInputPassword.swift */ = {isa = PBXFileReference; lastKnownFileType = sourcecode.swift; path = TextInputPassword.swift; sourceTree = "<group>"; };
		3B4379872C8783DC00495EF1 /* USBankingColors.swift */ = {isa = PBXFileReference; lastKnownFileType = sourcecode.swift; path = USBankingColors.swift; sourceTree = "<group>"; };
		3B4379892C8784B400495EF1 /* Colours.swift */ = {isa = PBXFileReference; lastKnownFileType = sourcecode.swift; path = Colours.swift; sourceTree = "<group>"; };
		3B43798B2C8784EB00495EF1 /* Dimens.swift */ = {isa = PBXFileReference; lastKnownFileType = sourcecode.swift; path = Dimens.swift; sourceTree = "<group>"; };
		3B43798D2C87858000495EF1 /* Shapes.swift */ = {isa = PBXFileReference; lastKnownFileType = sourcecode.swift; path = Shapes.swift; sourceTree = "<group>"; };
		3B43798F2C8785BC00495EF1 /* Spacing.swift */ = {isa = PBXFileReference; lastKnownFileType = sourcecode.swift; path = Spacing.swift; sourceTree = "<group>"; };
		3B4379912C8785FA00495EF1 /* Typography.swift */ = {isa = PBXFileReference; lastKnownFileType = sourcecode.swift; path = Typography.swift; sourceTree = "<group>"; };
		3B4379932C87863400495EF1 /* WhitneyFont.swift */ = {isa = PBXFileReference; lastKnownFileType = sourcecode.swift; path = WhitneyFont.swift; sourceTree = "<group>"; };
		3B4379952C87886700495EF1 /* Theme.swift */ = {isa = PBXFileReference; lastKnownFileType = sourcecode.swift; path = Theme.swift; sourceTree = "<group>"; };
		3B4379972C87950D00495EF1 /* ComponentImage.swift */ = {isa = PBXFileReference; lastKnownFileType = sourcecode.swift; path = ComponentImage.swift; sourceTree = "<group>"; };
		3B71B9602C89F7C30058896A /* PlaceholderView.swift */ = {isa = PBXFileReference; lastKnownFileType = sourcecode.swift; path = PlaceholderView.swift; sourceTree = "<group>"; };
		3B71B9622C8A1CBF0058896A /* ModifiedPasswordField.swift */ = {isa = PBXFileReference; lastKnownFileType = sourcecode.swift; path = ModifiedPasswordField.swift; sourceTree = "<group>"; };
		3B71B99C2C8F8BC20058896A /* File.swift */ = {isa = PBXFileReference; lastKnownFileType = sourcecode.swift; path = File.swift; sourceTree = "<group>"; };
		3B71B9A12C93499D0058896A /* Simulator Screen Recording - iPhone 14 Pro - 2024-09-12 at 11.57.36.mp4 */ = {isa = PBXFileReference; lastKnownFileType = file; path = "Simulator Screen Recording - iPhone 14 Pro - 2024-09-12 at 11.57.36.mp4"; sourceTree = "<group>"; };
		3B71B9A22C93499E0058896A /* Simulator Screen Recording - iPad (10th generation) - 2024-09-12 at 11.58.51.mp4 */ = {isa = PBXFileReference; lastKnownFileType = file; path = "Simulator Screen Recording - iPad (10th generation) - 2024-09-12 at 11.58.51.mp4"; sourceTree = "<group>"; };
		3B71B9A32C9349F50058896A /* CopyContyent.swift */ = {isa = PBXFileReference; lastKnownFileType = sourcecode.swift; path = CopyContyent.swift; sourceTree = "<group>"; };
		3B71B9A52C9357B80058896A /* CustomSheet.swift */ = {isa = PBXFileReference; lastKnownFileType = sourcecode.swift; path = CustomSheet.swift; sourceTree = "<group>"; };
		3B71B9A82C937D7A0058896A /* ListCellBottomSheet.swift */ = {isa = PBXFileReference; lastKnownFileType = sourcecode.swift; path = ListCellBottomSheet.swift; sourceTree = "<group>"; };
		3B71B9AA2C937D8C0058896A /* ListCellBottomSheetManager.swift */ = {isa = PBXFileReference; lastKnownFileType = sourcecode.swift; path = ListCellBottomSheetManager.swift; sourceTree = "<group>"; };
		3B71B9AC2C9897B50058896A /* SafeSpaceTile.swift */ = {isa = PBXFileReference; lastKnownFileType = sourcecode.swift; path = SafeSpaceTile.swift; sourceTree = "<group>"; };
		3BDE7B112C9AE3F9008208AC /* Mapper.swift */ = {isa = PBXFileReference; lastKnownFileType = sourcecode.swift; path = Mapper.swift; sourceTree = "<group>"; };
/* End PBXFileReference section */

/* Begin PBXFrameworksBuildPhase section */
		3B4379422C80AF7A00495EF1 /* Frameworks */ = {
			isa = PBXFrameworksBuildPhase;
			buildActionMask = 2147483647;
			files = (
			);
			runOnlyForDeploymentPostprocessing = 0;
		};
		3B4379522C80AF7C00495EF1 /* Frameworks */ = {
			isa = PBXFrameworksBuildPhase;
			buildActionMask = 2147483647;
			files = (
			);
			runOnlyForDeploymentPostprocessing = 0;
		};
		3B43795C2C80AF7C00495EF1 /* Frameworks */ = {
			isa = PBXFrameworksBuildPhase;
			buildActionMask = 2147483647;
			files = (
			);
			runOnlyForDeploymentPostprocessing = 0;
		};
/* End PBXFrameworksBuildPhase section */

/* Begin PBXGroup section */
		3B43793C2C80AF7A00495EF1 = {
			isa = PBXGroup;
			children = (
				3B4379472C80AF7A00495EF1 /* TextFieldComponent */,
				3B4379582C80AF7C00495EF1 /* TextFieldComponentTests */,
				3B4379622C80AF7C00495EF1 /* TextFieldComponentUITests */,
				3B4379462C80AF7A00495EF1 /* Products */,
			);
			sourceTree = "<group>";
		};
		3B4379462C80AF7A00495EF1 /* Products */ = {
			isa = PBXGroup;
			children = (
				3B4379452C80AF7A00495EF1 /* TextFieldComponent.app */,
				3B4379552C80AF7C00495EF1 /* TextFieldComponentTests.xctest */,
				3B43795F2C80AF7C00495EF1 /* TextFieldComponentUITests.xctest */,
			);
			name = Products;
			sourceTree = "<group>";
		};
		3B4379472C80AF7A00495EF1 /* TextFieldComponent */ = {
			isa = PBXGroup;
			children = (
				3B71B9A72C937D5F0058896A /* AppSheet */,
				3B71B9A02C9349900058896A /* Resources */,
				3B4379862C8783AE00495EF1 /* Theme */,
				3B4379482C80AF7A00495EF1 /* TextFieldComponentApp.swift */,
				3B43794A2C80AF7A00495EF1 /* ContentView.swift */,
				3B4379722C80BCDD00495EF1 /* CustomTextField */,
				3B43794C2C80AF7C00495EF1 /* Assets.xcassets */,
				3B43794E2C80AF7C00495EF1 /* Preview Content */,
				3B4379792C8172F300495EF1 /* FigmaCode.swift */,
				3B71B9602C89F7C30058896A /* PlaceholderView.swift */,
				3B71B99C2C8F8BC20058896A /* File.swift */,
				3B71B9A32C9349F50058896A /* CopyContyent.swift */,
				3B71B9A52C9357B80058896A /* CustomSheet.swift */,
				3B71B9AC2C9897B50058896A /* SafeSpaceTile.swift */,
				3BDE7B112C9AE3F9008208AC /* Mapper.swift */,
			);
			path = TextFieldComponent;
			sourceTree = "<group>";
		};
		3B43794E2C80AF7C00495EF1 /* Preview Content */ = {
			isa = PBXGroup;
			children = (
				3B43794F2C80AF7C00495EF1 /* Preview Assets.xcassets */,
			);
			path = "Preview Content";
			sourceTree = "<group>";
		};
		3B4379582C80AF7C00495EF1 /* TextFieldComponentTests */ = {
			isa = PBXGroup;
			children = (
				3B4379592C80AF7C00495EF1 /* TextFieldComponentTests.swift */,
			);
			path = TextFieldComponentTests;
			sourceTree = "<group>";
		};
		3B4379622C80AF7C00495EF1 /* TextFieldComponentUITests */ = {
			isa = PBXGroup;
			children = (
				3B4379632C80AF7C00495EF1 /* TextFieldComponentUITests.swift */,
				3B4379652C80AF7C00495EF1 /* TextFieldComponentUITestsLaunchTests.swift */,
			);
			path = TextFieldComponentUITests;
			sourceTree = "<group>";
		};
		3B4379722C80BCDD00495EF1 /* CustomTextField */ = {
			isa = PBXGroup;
			children = (
				3B4379732C80BCDD00495EF1 /* TextFieldGeneral.swift */,
				3B4379822C82286F00495EF1 /* TextFieldGeneralTheme.swift */,
				3B4379842C877BA000495EF1 /* TextInputPassword.swift */,
				3B4379972C87950D00495EF1 /* ComponentImage.swift */,
				3B71B9622C8A1CBF0058896A /* ModifiedPasswordField.swift */,
			);
			path = CustomTextField;
			sourceTree = "<group>";
		};
		3B4379862C8783AE00495EF1 /* Theme */ = {
			isa = PBXGroup;
			children = (
				3B4379872C8783DC00495EF1 /* USBankingColors.swift */,
				3B4379892C8784B400495EF1 /* Colours.swift */,
				3B43798B2C8784EB00495EF1 /* Dimens.swift */,
				3B43798D2C87858000495EF1 /* Shapes.swift */,
				3B43798F2C8785BC00495EF1 /* Spacing.swift */,
				3B4379912C8785FA00495EF1 /* Typography.swift */,
				3B4379932C87863400495EF1 /* WhitneyFont.swift */,
				3B4379952C87886700495EF1 /* Theme.swift */,
			);
			path = Theme;
			sourceTree = "<group>";
		};
		3B71B9A02C9349900058896A /* Resources */ = {
			isa = PBXGroup;
			children = (
				3B71B9A22C93499E0058896A /* Simulator Screen Recording - iPad (10th generation) - 2024-09-12 at 11.58.51.mp4 */,
				3B71B9A12C93499D0058896A /* Simulator Screen Recording - iPhone 14 Pro - 2024-09-12 at 11.57.36.mp4 */,
			);
			path = Resources;
			sourceTree = "<group>";
		};
		3B71B9A72C937D5F0058896A /* AppSheet */ = {
			isa = PBXGroup;
			children = (
				3B71B9A82C937D7A0058896A /* ListCellBottomSheet.swift */,
				3B71B9AA2C937D8C0058896A /* ListCellBottomSheetManager.swift */,
			);
			path = AppSheet;
			sourceTree = "<group>";
		};
/* End PBXGroup section */

/* Begin PBXNativeTarget section */
		3B4379442C80AF7A00495EF1 /* TextFieldComponent */ = {
			isa = PBXNativeTarget;
			buildConfigurationList = 3B4379692C80AF7C00495EF1 /* Build configuration list for PBXNativeTarget "TextFieldComponent" */;
			buildPhases = (
				3B4379412C80AF7A00495EF1 /* Sources */,
				3B4379422C80AF7A00495EF1 /* Frameworks */,
				3B4379432C80AF7A00495EF1 /* Resources */,
			);
			buildRules = (
			);
			dependencies = (
			);
			name = TextFieldComponent;
			productName = TextFieldComponent;
			productReference = 3B4379452C80AF7A00495EF1 /* TextFieldComponent.app */;
			productType = "com.apple.product-type.application";
		};
		3B4379542C80AF7C00495EF1 /* TextFieldComponentTests */ = {
			isa = PBXNativeTarget;
			buildConfigurationList = 3B43796C2C80AF7C00495EF1 /* Build configuration list for PBXNativeTarget "TextFieldComponentTests" */;
			buildPhases = (
				3B4379512C80AF7C00495EF1 /* Sources */,
				3B4379522C80AF7C00495EF1 /* Frameworks */,
				3B4379532C80AF7C00495EF1 /* Resources */,
			);
			buildRules = (
			);
			dependencies = (
				3B4379572C80AF7C00495EF1 /* PBXTargetDependency */,
			);
			name = TextFieldComponentTests;
			productName = TextFieldComponentTests;
			productReference = 3B4379552C80AF7C00495EF1 /* TextFieldComponentTests.xctest */;
			productType = "com.apple.product-type.bundle.unit-test";
		};
		3B43795E2C80AF7C00495EF1 /* TextFieldComponentUITests */ = {
			isa = PBXNativeTarget;
			buildConfigurationList = 3B43796F2C80AF7C00495EF1 /* Build configuration list for PBXNativeTarget "TextFieldComponentUITests" */;
			buildPhases = (
				3B43795B2C80AF7C00495EF1 /* Sources */,
				3B43795C2C80AF7C00495EF1 /* Frameworks */,
				3B43795D2C80AF7C00495EF1 /* Resources */,
			);
			buildRules = (
			);
			dependencies = (
				3B4379612C80AF7C00495EF1 /* PBXTargetDependency */,
			);
			name = TextFieldComponentUITests;
			productName = TextFieldComponentUITests;
			productReference = 3B43795F2C80AF7C00495EF1 /* TextFieldComponentUITests.xctest */;
			productType = "com.apple.product-type.bundle.ui-testing";
		};
/* End PBXNativeTarget section */

/* Begin PBXProject section */
		3B43793D2C80AF7A00495EF1 /* Project object */ = {
			isa = PBXProject;
			attributes = {
				BuildIndependentTargetsInParallel = 1;
				LastSwiftUpdateCheck = 1430;
				LastUpgradeCheck = 1430;
				TargetAttributes = {
					3B4379442C80AF7A00495EF1 = {
						CreatedOnToolsVersion = 14.3.1;
					};
					3B4379542C80AF7C00495EF1 = {
						CreatedOnToolsVersion = 14.3.1;
						TestTargetID = 3B4379442C80AF7A00495EF1;
					};
					3B43795E2C80AF7C00495EF1 = {
						CreatedOnToolsVersion = 14.3.1;
						TestTargetID = 3B4379442C80AF7A00495EF1;
					};
				};
			};
			buildConfigurationList = 3B4379402C80AF7A00495EF1 /* Build configuration list for PBXProject "TextFieldComponent" */;
			compatibilityVersion = "Xcode 14.0";
			developmentRegion = en;
			hasScannedForEncodings = 0;
			knownRegions = (
				en,
				Base,
			);
			mainGroup = 3B43793C2C80AF7A00495EF1;
			productRefGroup = 3B4379462C80AF7A00495EF1 /* Products */;
			projectDirPath = "";
			projectRoot = "";
			targets = (
				3B4379442C80AF7A00495EF1 /* TextFieldComponent */,
				3B4379542C80AF7C00495EF1 /* TextFieldComponentTests */,
				3B43795E2C80AF7C00495EF1 /* TextFieldComponentUITests */,
			);
		};
/* End PBXProject section */

/* Begin PBXResourcesBuildPhase section */
		3B4379432C80AF7A00495EF1 /* Resources */ = {
			isa = PBXResourcesBuildPhase;
			buildActionMask = 2147483647;
			files = (
				3B4379502C80AF7C00495EF1 /* Preview Assets.xcassets in Resources */,
				3B43794D2C80AF7C00495EF1 /* Assets.xcassets in Resources */,
			);
			runOnlyForDeploymentPostprocessing = 0;
		};
		3B4379532C80AF7C00495EF1 /* Resources */ = {
			isa = PBXResourcesBuildPhase;
			buildActionMask = 2147483647;
			files = (
			);
			runOnlyForDeploymentPostprocessing = 0;
		};
		3B43795D2C80AF7C00495EF1 /* Resources */ = {
			isa = PBXResourcesBuildPhase;
			buildActionMask = 2147483647;
			files = (
			);
			runOnlyForDeploymentPostprocessing = 0;
		};
/* End PBXResourcesBuildPhase section */

/* Begin PBXSourcesBuildPhase section */
		3B4379412C80AF7A00495EF1 /* Sources */ = {
			isa = PBXSourcesBuildPhase;
			buildActionMask = 2147483647;
			files = (
				3B43794B2C80AF7A00495EF1 /* ContentView.swift in Sources */,
				3B71B9AB2C937D8C0058896A /* ListCellBottomSheetManager.swift in Sources */,
				3B4379902C8785BC00495EF1 /* Spacing.swift in Sources */,
				3B4379982C87950D00495EF1 /* ComponentImage.swift in Sources */,
				3BDE7B122C9AE3F9008208AC /* Mapper.swift in Sources */,
				3B71B9AD2C9897B60058896A /* SafeSpaceTile.swift in Sources */,
				3B4379832C82286F00495EF1 /* TextFieldGeneralTheme.swift in Sources */,
				3B4379852C877BA000495EF1 /* TextInputPassword.swift in Sources */,
				3B43798C2C8784EB00495EF1 /* Dimens.swift in Sources */,
				3B4379752C80BCDD00495EF1 /* TextFieldGeneral.swift in Sources */,
				3B4379882C8783DC00495EF1 /* USBankingColors.swift in Sources */,
				3B71B9A62C9357B80058896A /* CustomSheet.swift in Sources */,
				3B4379492C80AF7A00495EF1 /* TextFieldComponentApp.swift in Sources */,
				3B71B9632C8A1CC00058896A /* ModifiedPasswordField.swift in Sources */,
				3B4379942C87863400495EF1 /* WhitneyFont.swift in Sources */,
				3B43798E2C87858100495EF1 /* Shapes.swift in Sources */,
				3B71B9A92C937D7A0058896A /* ListCellBottomSheet.swift in Sources */,
				3B71B9A42C9349F50058896A /* CopyContyent.swift in Sources */,
				3B43797A2C8172F300495EF1 /* FigmaCode.swift in Sources */,
				3B4379922C8785FA00495EF1 /* Typography.swift in Sources */,
				3B43798A2C8784B400495EF1 /* Colours.swift in Sources */,
				3B71B9612C89F7C30058896A /* PlaceholderView.swift in Sources */,
				3B71B99D2C8F8BC20058896A /* File.swift in Sources */,
				3B4379962C87886700495EF1 /* Theme.swift in Sources */,
			);
			runOnlyForDeploymentPostprocessing = 0;
		};
		3B4379512C80AF7C00495EF1 /* Sources */ = {
			isa = PBXSourcesBuildPhase;
			buildActionMask = 2147483647;
			files = (
				3B43795A2C80AF7C00495EF1 /* TextFieldComponentTests.swift in Sources */,
			);
			runOnlyForDeploymentPostprocessing = 0;
		};
		3B43795B2C80AF7C00495EF1 /* Sources */ = {
			isa = PBXSourcesBuildPhase;
			buildActionMask = 2147483647;
			files = (
				3B4379662C80AF7C00495EF1 /* TextFieldComponentUITestsLaunchTests.swift in Sources */,
				3B4379642C80AF7C00495EF1 /* TextFieldComponentUITests.swift in Sources */,
			);
			runOnlyForDeploymentPostprocessing = 0;
		};
/* End PBXSourcesBuildPhase section */

/* Begin PBXTargetDependency section */
		3B4379572C80AF7C00495EF1 /* PBXTargetDependency */ = {
			isa = PBXTargetDependency;
			target = 3B4379442C80AF7A00495EF1 /* TextFieldComponent */;
			targetProxy = 3B4379562C80AF7C00495EF1 /* PBXContainerItemProxy */;
		};
		3B4379612C80AF7C00495EF1 /* PBXTargetDependency */ = {
			isa = PBXTargetDependency;
			target = 3B4379442C80AF7A00495EF1 /* TextFieldComponent */;
			targetProxy = 3B4379602C80AF7C00495EF1 /* PBXContainerItemProxy */;
		};
/* End PBXTargetDependency section */

/* Begin XCBuildConfiguration section */
		3B4379672C80AF7C00495EF1 /* Debug */ = {
			isa = XCBuildConfiguration;
			buildSettings = {
				ALWAYS_SEARCH_USER_PATHS = NO;
				CLANG_ANALYZER_NONNULL = YES;
				CLANG_ANALYZER_NUMBER_OBJECT_CONVERSION = YES_AGGRESSIVE;
				CLANG_CXX_LANGUAGE_STANDARD = "gnu++20";
				CLANG_ENABLE_MODULES = YES;
				CLANG_ENABLE_OBJC_ARC = YES;
				CLANG_ENABLE_OBJC_WEAK = YES;
				CLANG_WARN_BLOCK_CAPTURE_AUTORELEASING = YES;
				CLANG_WARN_BOOL_CONVERSION = YES;
				CLANG_WARN_COMMA = YES;
				CLANG_WARN_CONSTANT_CONVERSION = YES;
				CLANG_WARN_DEPRECATED_OBJC_IMPLEMENTATIONS = YES;
				CLANG_WARN_DIRECT_OBJC_ISA_USAGE = YES_ERROR;
				CLANG_WARN_DOCUMENTATION_COMMENTS = YES;
				CLANG_WARN_EMPTY_BODY = YES;
				CLANG_WARN_ENUM_CONVERSION = YES;
				CLANG_WARN_INFINITE_RECURSION = YES;
				CLANG_WARN_INT_CONVERSION = YES;
				CLANG_WARN_NON_LITERAL_NULL_CONVERSION = YES;
				CLANG_WARN_OBJC_IMPLICIT_RETAIN_SELF = YES;
				CLANG_WARN_OBJC_LITERAL_CONVERSION = YES;
				CLANG_WARN_OBJC_ROOT_CLASS = YES_ERROR;
				CLANG_WARN_QUOTED_INCLUDE_IN_FRAMEWORK_HEADER = YES;
				CLANG_WARN_RANGE_LOOP_ANALYSIS = YES;
				CLANG_WARN_STRICT_PROTOTYPES = YES;
				CLANG_WARN_SUSPICIOUS_MOVE = YES;
				CLANG_WARN_UNGUARDED_AVAILABILITY = YES_AGGRESSIVE;
				CLANG_WARN_UNREACHABLE_CODE = YES;
				CLANG_WARN__DUPLICATE_METHOD_MATCH = YES;
				COPY_PHASE_STRIP = NO;
				DEBUG_INFORMATION_FORMAT = dwarf;
				ENABLE_STRICT_OBJC_MSGSEND = YES;
				ENABLE_TESTABILITY = YES;
				GCC_C_LANGUAGE_STANDARD = gnu11;
				GCC_DYNAMIC_NO_PIC = NO;
				GCC_NO_COMMON_BLOCKS = YES;
				GCC_OPTIMIZATION_LEVEL = 0;
				GCC_PREPROCESSOR_DEFINITIONS = (
					"DEBUG=1",
					"$(inherited)",
				);
				GCC_WARN_64_TO_32_BIT_CONVERSION = YES;
				GCC_WARN_ABOUT_RETURN_TYPE = YES_ERROR;
				GCC_WARN_UNDECLARED_SELECTOR = YES;
				GCC_WARN_UNINITIALIZED_AUTOS = YES_AGGRESSIVE;
				GCC_WARN_UNUSED_FUNCTION = YES;
				GCC_WARN_UNUSED_VARIABLE = YES;
				IPHONEOS_DEPLOYMENT_TARGET = 16.4;
				MTL_ENABLE_DEBUG_INFO = INCLUDE_SOURCE;
				MTL_FAST_MATH = YES;
				ONLY_ACTIVE_ARCH = YES;
				SDKROOT = iphoneos;
				SWIFT_ACTIVE_COMPILATION_CONDITIONS = DEBUG;
				SWIFT_OPTIMIZATION_LEVEL = "-Onone";
			};
			name = Debug;
		};
		3B4379682C80AF7C00495EF1 /* Release */ = {
			isa = XCBuildConfiguration;
			buildSettings = {
				ALWAYS_SEARCH_USER_PATHS = NO;
				CLANG_ANALYZER_NONNULL = YES;
				CLANG_ANALYZER_NUMBER_OBJECT_CONVERSION = YES_AGGRESSIVE;
				CLANG_CXX_LANGUAGE_STANDARD = "gnu++20";
				CLANG_ENABLE_MODULES = YES;
				CLANG_ENABLE_OBJC_ARC = YES;
				CLANG_ENABLE_OBJC_WEAK = YES;
				CLANG_WARN_BLOCK_CAPTURE_AUTORELEASING = YES;
				CLANG_WARN_BOOL_CONVERSION = YES;
				CLANG_WARN_COMMA = YES;
				CLANG_WARN_CONSTANT_CONVERSION = YES;
				CLANG_WARN_DEPRECATED_OBJC_IMPLEMENTATIONS = YES;
				CLANG_WARN_DIRECT_OBJC_ISA_USAGE = YES_ERROR;
				CLANG_WARN_DOCUMENTATION_COMMENTS = YES;
				CLANG_WARN_EMPTY_BODY = YES;
				CLANG_WARN_ENUM_CONVERSION = YES;
				CLANG_WARN_INFINITE_RECURSION = YES;
				CLANG_WARN_INT_CONVERSION = YES;
				CLANG_WARN_NON_LITERAL_NULL_CONVERSION = YES;
				CLANG_WARN_OBJC_IMPLICIT_RETAIN_SELF = YES;
				CLANG_WARN_OBJC_LITERAL_CONVERSION = YES;
				CLANG_WARN_OBJC_ROOT_CLASS = YES_ERROR;
				CLANG_WARN_QUOTED_INCLUDE_IN_FRAMEWORK_HEADER = YES;
				CLANG_WARN_RANGE_LOOP_ANALYSIS = YES;
				CLANG_WARN_STRICT_PROTOTYPES = YES;
				CLANG_WARN_SUSPICIOUS_MOVE = YES;
				CLANG_WARN_UNGUARDED_AVAILABILITY = YES_AGGRESSIVE;
				CLANG_WARN_UNREACHABLE_CODE = YES;
				CLANG_WARN__DUPLICATE_METHOD_MATCH = YES;
				COPY_PHASE_STRIP = NO;
				DEBUG_INFORMATION_FORMAT = "dwarf-with-dsym";
				ENABLE_NS_ASSERTIONS = NO;
				ENABLE_STRICT_OBJC_MSGSEND = YES;
				GCC_C_LANGUAGE_STANDARD = gnu11;
				GCC_NO_COMMON_BLOCKS = YES;
				GCC_WARN_64_TO_32_BIT_CONVERSION = YES;
				GCC_WARN_ABOUT_RETURN_TYPE = YES_ERROR;
				GCC_WARN_UNDECLARED_SELECTOR = YES;
				GCC_WARN_UNINITIALIZED_AUTOS = YES_AGGRESSIVE;
				GCC_WARN_UNUSED_FUNCTION = YES;
				GCC_WARN_UNUSED_VARIABLE = YES;
				IPHONEOS_DEPLOYMENT_TARGET = 16.4;
				MTL_ENABLE_DEBUG_INFO = NO;
				MTL_FAST_MATH = YES;
				SDKROOT = iphoneos;
				SWIFT_COMPILATION_MODE = wholemodule;
				SWIFT_OPTIMIZATION_LEVEL = "-O";
				VALIDATE_PRODUCT = YES;
			};
			name = Release;
		};
		3B43796A2C80AF7C00495EF1 /* Debug */ = {
			isa = XCBuildConfiguration;
			buildSettings = {
				ASSETCATALOG_COMPILER_APPICON_NAME = AppIcon;
				ASSETCATALOG_COMPILER_GLOBAL_ACCENT_COLOR_NAME = AccentColor;
				CODE_SIGN_STYLE = Automatic;
				CURRENT_PROJECT_VERSION = 1;
				DEVELOPMENT_ASSET_PATHS = "\"TextFieldComponent/Preview Content\"";
				ENABLE_PREVIEWS = YES;
				GENERATE_INFOPLIST_FILE = YES;
				INFOPLIST_KEY_UIApplicationSceneManifest_Generation = YES;
				INFOPLIST_KEY_UIApplicationSupportsIndirectInputEvents = YES;
				INFOPLIST_KEY_UILaunchScreen_Generation = YES;
				INFOPLIST_KEY_UISupportedInterfaceOrientations_iPad = "UIInterfaceOrientationPortrait UIInterfaceOrientationPortraitUpsideDown UIInterfaceOrientationLandscapeLeft UIInterfaceOrientationLandscapeRight";
				INFOPLIST_KEY_UISupportedInterfaceOrientations_iPhone = "UIInterfaceOrientationPortrait UIInterfaceOrientationLandscapeLeft UIInterfaceOrientationLandscapeRight";
				LD_RUNPATH_SEARCH_PATHS = (
					"$(inherited)",
					"@executable_path/Frameworks",
				);
				MARKETING_VERSION = 1.0;
				PRODUCT_BUNDLE_IDENTIFIER = hiran.TextFieldComponent;
				PRODUCT_NAME = "$(TARGET_NAME)";
				SWIFT_EMIT_LOC_STRINGS = YES;
				SWIFT_VERSION = 5.0;
				TARGETED_DEVICE_FAMILY = "1,2";
			};
			name = Debug;
		};
		3B43796B2C80AF7C00495EF1 /* Release */ = {
			isa = XCBuildConfiguration;
			buildSettings = {
				ASSETCATALOG_COMPILER_APPICON_NAME = AppIcon;
				ASSETCATALOG_COMPILER_GLOBAL_ACCENT_COLOR_NAME = AccentColor;
				CODE_SIGN_STYLE = Automatic;
				CURRENT_PROJECT_VERSION = 1;
				DEVELOPMENT_ASSET_PATHS = "\"TextFieldComponent/Preview Content\"";
				ENABLE_PREVIEWS = YES;
				GENERATE_INFOPLIST_FILE = YES;
				INFOPLIST_KEY_UIApplicationSceneManifest_Generation = YES;
				INFOPLIST_KEY_UIApplicationSupportsIndirectInputEvents = YES;
				INFOPLIST_KEY_UILaunchScreen_Generation = YES;
				INFOPLIST_KEY_UISupportedInterfaceOrientations_iPad = "UIInterfaceOrientationPortrait UIInterfaceOrientationPortraitUpsideDown UIInterfaceOrientationLandscapeLeft UIInterfaceOrientationLandscapeRight";
				INFOPLIST_KEY_UISupportedInterfaceOrientations_iPhone = "UIInterfaceOrientationPortrait UIInterfaceOrientationLandscapeLeft UIInterfaceOrientationLandscapeRight";
				LD_RUNPATH_SEARCH_PATHS = (
					"$(inherited)",
					"@executable_path/Frameworks",
				);
				MARKETING_VERSION = 1.0;
				PRODUCT_BUNDLE_IDENTIFIER = hiran.TextFieldComponent;
				PRODUCT_NAME = "$(TARGET_NAME)";
				SWIFT_EMIT_LOC_STRINGS = YES;
				SWIFT_VERSION = 5.0;
				TARGETED_DEVICE_FAMILY = "1,2";
			};
			name = Release;
		};
		3B43796D2C80AF7C00495EF1 /* Debug */ = {
			isa = XCBuildConfiguration;
			buildSettings = {
				ALWAYS_EMBED_SWIFT_STANDARD_LIBRARIES = YES;
				BUNDLE_LOADER = "$(TEST_HOST)";
				CODE_SIGN_STYLE = Automatic;
				CURRENT_PROJECT_VERSION = 1;
				GENERATE_INFOPLIST_FILE = YES;
				IPHONEOS_DEPLOYMENT_TARGET = 16.4;
				MARKETING_VERSION = 1.0;
				PRODUCT_BUNDLE_IDENTIFIER = hiran.TextFieldComponentTests;
				PRODUCT_NAME = "$(TARGET_NAME)";
				SWIFT_EMIT_LOC_STRINGS = NO;
				SWIFT_VERSION = 5.0;
				TARGETED_DEVICE_FAMILY = "1,2";
				TEST_HOST = "$(BUILT_PRODUCTS_DIR)/TextFieldComponent.app/$(BUNDLE_EXECUTABLE_FOLDER_PATH)/TextFieldComponent";
			};
			name = Debug;
		};
		3B43796E2C80AF7C00495EF1 /* Release */ = {
			isa = XCBuildConfiguration;
			buildSettings = {
				ALWAYS_EMBED_SWIFT_STANDARD_LIBRARIES = YES;
				BUNDLE_LOADER = "$(TEST_HOST)";
				CODE_SIGN_STYLE = Automatic;
				CURRENT_PROJECT_VERSION = 1;
				GENERATE_INFOPLIST_FILE = YES;
				IPHONEOS_DEPLOYMENT_TARGET = 16.4;
				MARKETING_VERSION = 1.0;
				PRODUCT_BUNDLE_IDENTIFIER = hiran.TextFieldComponentTests;
				PRODUCT_NAME = "$(TARGET_NAME)";
				SWIFT_EMIT_LOC_STRINGS = NO;
				SWIFT_VERSION = 5.0;
				TARGETED_DEVICE_FAMILY = "1,2";
				TEST_HOST = "$(BUILT_PRODUCTS_DIR)/TextFieldComponent.app/$(BUNDLE_EXECUTABLE_FOLDER_PATH)/TextFieldComponent";
			};
			name = Release;
		};
		3B4379702C80AF7C00495EF1 /* Debug */ = {
			isa = XCBuildConfiguration;
			buildSettings = {
				ALWAYS_EMBED_SWIFT_STANDARD_LIBRARIES = YES;
				CODE_SIGN_STYLE = Automatic;
				CURRENT_PROJECT_VERSION = 1;
				GENERATE_INFOPLIST_FILE = YES;
				MARKETING_VERSION = 1.0;
				PRODUCT_BUNDLE_IDENTIFIER = hiran.TextFieldComponentUITests;
				PRODUCT_NAME = "$(TARGET_NAME)";
				SWIFT_EMIT_LOC_STRINGS = NO;
				SWIFT_VERSION = 5.0;
				TARGETED_DEVICE_FAMILY = "1,2";
				TEST_TARGET_NAME = TextFieldComponent;
			};
			name = Debug;
		};
		3B4379712C80AF7C00495EF1 /* Release */ = {
			isa = XCBuildConfiguration;
			buildSettings = {
				ALWAYS_EMBED_SWIFT_STANDARD_LIBRARIES = YES;
				CODE_SIGN_STYLE = Automatic;
				CURRENT_PROJECT_VERSION = 1;
				GENERATE_INFOPLIST_FILE = YES;
				MARKETING_VERSION = 1.0;
				PRODUCT_BUNDLE_IDENTIFIER = hiran.TextFieldComponentUITests;
				PRODUCT_NAME = "$(TARGET_NAME)";
				SWIFT_EMIT_LOC_STRINGS = NO;
				SWIFT_VERSION = 5.0;
				TARGETED_DEVICE_FAMILY = "1,2";
				TEST_TARGET_NAME = TextFieldComponent;
			};
			name = Release;
		};
/* End XCBuildConfiguration section */

/* Begin XCConfigurationList section */
		3B4379402C80AF7A00495EF1 /* Build configuration list for PBXProject "TextFieldComponent" */ = {
			isa = XCConfigurationList;
			buildConfigurations = (
				3B4379672C80AF7C00495EF1 /* Debug */,
				3B4379682C80AF7C00495EF1 /* Release */,
			);
			defaultConfigurationIsVisible = 0;
			defaultConfigurationName = Release;
		};
		3B4379692C80AF7C00495EF1 /* Build configuration list for PBXNativeTarget "TextFieldComponent" */ = {
			isa = XCConfigurationList;
			buildConfigurations = (
				3B43796A2C80AF7C00495EF1 /* Debug */,
				3B43796B2C80AF7C00495EF1 /* Release */,
			);
			defaultConfigurationIsVisible = 0;
			defaultConfigurationName = Release;
		};
		3B43796C2C80AF7C00495EF1 /* Build configuration list for PBXNativeTarget "TextFieldComponentTests" */ = {
			isa = XCConfigurationList;
			buildConfigurations = (
				3B43796D2C80AF7C00495EF1 /* Debug */,
				3B43796E2C80AF7C00495EF1 /* Release */,
			);
			defaultConfigurationIsVisible = 0;
			defaultConfigurationName = Release;
		};
		3B43796F2C80AF7C00495EF1 /* Build configuration list for PBXNativeTarget "TextFieldComponentUITests" */ = {
			isa = XCConfigurationList;
			buildConfigurations = (
				3B4379702C80AF7C00495EF1 /* Debug */,
				3B4379712C80AF7C00495EF1 /* Release */,
			);
			defaultConfigurationIsVisible = 0;
			defaultConfigurationName = Release;
		};
/* End XCConfigurationList section */
	};
	rootObject = 3B43793D2C80AF7A00495EF1 /* Project object */;
}
